{
    "version": 3,
    "terraform_version": "0.11.13",
    "serial": 10,
    "lineage": "2a6a44e5-bca2-c8ac-d088-d3cfa39441b4",
    "modules": [
        {
            "path": [
                "root"
            ],
            "outputs": {},
            "resources": {
                "google_compute_firewall.default": {
                    "type": "google_compute_firewall",
                    "depends_on": [],
                    "primary": {
                        "id": "formationdevops-firewall",
                        "attributes": {
                            "allow.#": "1",
                            "allow.570547142.ports.#": "3",
                            "allow.570547142.ports.0": "80",
                            "allow.570547142.ports.1": "443",
                            "allow.570547142.ports.2": "52",
                            "allow.570547142.protocol": "tcp",
                            "creation_timestamp": "2019-04-03T10:37:45.218-07:00",
                            "deny.#": "0",
                            "description": "",
                            "destination_ranges.#": "0",
                            "direction": "INGRESS",
                            "disabled": "false",
                            "id": "formationdevops-firewall",
                            "name": "formationdevops-firewall",
                            "network": "https://www.googleapis.com/compute/v1/projects/formationdevops/global/networks/default",
                            "priority": "1000",
                            "project": "formationdevops",
                            "self_link": "https://www.googleapis.com/compute/v1/projects/formationdevops/global/firewalls/formationdevops-firewall",
                            "source_ranges.#": "1",
                            "source_ranges.1080289494": "0.0.0.0/0",
                            "source_service_accounts.#": "0",
                            "source_tags.#": "0",
                            "target_service_accounts.#": "0",
                            "target_tags.#": "0"
                        },
                        "meta": {
                            "e2bfb730-ecaa-11e6-8f88-34363bc7c4c0": {
                                "create": 240000000000,
                                "delete": 240000000000,
                                "update": 240000000000
                            },
                            "schema_version": "1"
                        },
                        "tainted": false
                    },
                    "deposed": [],
                    "provider": "provider.google"
                },
                "google_compute_instance.master": {
                    "type": "google_compute_instance",
                    "depends_on": [],
                    "primary": {
                        "id": "formationdevops-vm-master",
                        "attributes": {
                            "attached_disk.#": "0",
                            "boot_disk.#": "1",
                            "boot_disk.0.auto_delete": "true",
                            "boot_disk.0.device_name": "persistent-disk-0",
                            "boot_disk.0.disk_encryption_key_raw": "",
                            "boot_disk.0.disk_encryption_key_sha256": "",
                            "boot_disk.0.initialize_params.#": "1",
                            "boot_disk.0.initialize_params.0.image": "https://www.googleapis.com/compute/v1/projects/ubuntu-os-cloud/global/images/ubuntu-1604-xenial-v20190325",
                            "boot_disk.0.initialize_params.0.size": "30",
                            "boot_disk.0.initialize_params.0.type": "pd-standard",
                            "boot_disk.0.source": "https://www.googleapis.com/compute/v1/projects/formationdevops/zones/europe-west1-b/disks/formationdevops-vm-master",
                            "can_ip_forward": "false",
                            "cpu_platform": "Intel Sandy Bridge",
                            "deletion_protection": "false",
                            "guest_accelerator.#": "0",
                            "hostname": "",
                            "id": "formationdevops-vm-master",
                            "instance_id": "4095611649493910539",
                            "label_fingerprint": "42WmSpB8rSM=",
                            "labels.%": "0",
                            "machine_type": "n1-standard-2",
                            "metadata.%": "1",
                            "metadata.sshKeys": "root:ssh-rsa AAAAB3NzaC1yc2EAAAADAQABAAACAQDh8sRjchb7bvaqNN15SeIAvZaR4nPxkde8P8g7/QlKTp7IeCWqc9imVGEJTWIbjyaAjHqUgZvBn9ceczQazPQ3j4JsvLIrNG3Ts/xtyLQz94MAas5zzqwnL3jzQkWAnHjPZhtveBLMzd3lUgAl7NBLbFVO9LwG4KTWjq7ejIEIxckBkcZcdiykdR7aQyw32D8WwQGCsCDHejwolzMAmZGYpFyTQQv3scyoC2mhMv8C8vi2CGurboTBZe0mwY5UhJ1iOLiYRTVFZw40FuaB0I+y+Sf7mjzdxm+Z3luzy6NFZ4Zkp3QltImhvaJLzKWvOnvNCiJS8j345MLiMbzVYvTsT1sLSOtXCuV7TbVq0z/61oqywzmWQxZAmwZ63Fjvg96JV7q2GsCGcKqSJYNPMEYku5rkeqOoRxJkoxXGMSpE98TLk6GCTrida73Y9FaNzGzrRqzMBZBZVWjb/53msFD6RRNDcREJk04ogm1/NefFvLlabDUyMuuO6BL1rQa5AiJNlYE3dJ6mJ8vfYTeH/fP2YdCx6EXqynS4ti8965u+RRz+yK99kZMwhWXEIgZ5UVYPlYkpb9u6mKcvwHmH8KZ7hrjq72zB1tLM02IFGi+5fx76jvgeybwgQvkotUIAVfqMq8ncQU9pLzSDkiQ18PWahwiQm9YCuWwXypFgeEkj6w== ruslan@eatpopchef.com\n",
                            "metadata_fingerprint": "8CPzdwhXcbw=",
                            "metadata_startup_script": "sudo apt update; sudo apt install -y docker.io; sudo usermod -aG docker $USER; sudo docker run -d --restart unless-stopped -p 80:8080 rancher/server:v1.6.17",
                            "min_cpu_platform": "",
                            "name": "formationdevops-vm-master",
                            "network_interface.#": "1",
                            "network_interface.0.access_config.#": "1",
                            "network_interface.0.access_config.0.assigned_nat_ip": "",
                            "network_interface.0.access_config.0.nat_ip": "146.148.12.114",
                            "network_interface.0.access_config.0.network_tier": "PREMIUM",
                            "network_interface.0.access_config.0.public_ptr_domain_name": "",
                            "network_interface.0.address": "",
                            "network_interface.0.alias_ip_range.#": "0",
                            "network_interface.0.name": "nic0",
                            "network_interface.0.network": "https://www.googleapis.com/compute/v1/projects/formationdevops/global/networks/default",
                            "network_interface.0.network_ip": "10.132.0.11",
                            "network_interface.0.subnetwork": "https://www.googleapis.com/compute/v1/projects/formationdevops/regions/europe-west1/subnetworks/default",
                            "network_interface.0.subnetwork_project": "formationdevops",
                            "project": "formationdevops",
                            "scheduling.#": "1",
                            "scheduling.0.automatic_restart": "true",
                            "scheduling.0.on_host_maintenance": "MIGRATE",
                            "scheduling.0.preemptible": "false",
                            "scratch_disk.#": "0",
                            "self_link": "https://www.googleapis.com/compute/v1/projects/formationdevops/zones/europe-west1-b/instances/formationdevops-vm-master",
                            "service_account.#": "0",
                            "tags.#": "0",
                            "tags_fingerprint": "42WmSpB8rSM=",
                            "zone": "europe-west1-b"
                        },
                        "meta": {
                            "e2bfb730-ecaa-11e6-8f88-34363bc7c4c0": {
                                "create": 360000000000,
                                "delete": 360000000000,
                                "update": 360000000000
                            },
                            "schema_version": "6"
                        },
                        "tainted": false
                    },
                    "deposed": [],
                    "provider": "provider.google"
                },
                "google_compute_instance.slave.0": {
                    "type": "google_compute_instance",
                    "depends_on": [
                        "random_id.instance_id.*"
                    ],
                    "primary": {
                        "id": "formationdevops-slave-2697ef33ab292f83",
                        "attributes": {
                            "attached_disk.#": "0",
                            "boot_disk.#": "1",
                            "boot_disk.0.auto_delete": "true",
                            "boot_disk.0.device_name": "persistent-disk-0",
                            "boot_disk.0.disk_encryption_key_raw": "",
                            "boot_disk.0.disk_encryption_key_sha256": "",
                            "boot_disk.0.initialize_params.#": "1",
                            "boot_disk.0.initialize_params.0.image": "https://www.googleapis.com/compute/v1/projects/ubuntu-os-cloud/global/images/ubuntu-1604-xenial-v20190325",
                            "boot_disk.0.initialize_params.0.size": "30",
                            "boot_disk.0.initialize_params.0.type": "pd-standard",
                            "boot_disk.0.source": "https://www.googleapis.com/compute/v1/projects/formationdevops/zones/europe-west1-b/disks/formationdevops-slave-2697ef33ab292f83",
                            "can_ip_forward": "false",
                            "cpu_platform": "Intel Sandy Bridge",
                            "deletion_protection": "false",
                            "guest_accelerator.#": "0",
                            "hostname": "",
                            "id": "formationdevops-slave-2697ef33ab292f83",
                            "instance_id": "5889985184023530124",
                            "label_fingerprint": "42WmSpB8rSM=",
                            "labels.%": "0",
                            "machine_type": "n1-standard-2",
                            "metadata.%": "1",
                            "metadata.sshKeys": "root:ssh-rsa AAAAB3NzaC1yc2EAAAADAQABAAACAQDh8sRjchb7bvaqNN15SeIAvZaR4nPxkde8P8g7/QlKTp7IeCWqc9imVGEJTWIbjyaAjHqUgZvBn9ceczQazPQ3j4JsvLIrNG3Ts/xtyLQz94MAas5zzqwnL3jzQkWAnHjPZhtveBLMzd3lUgAl7NBLbFVO9LwG4KTWjq7ejIEIxckBkcZcdiykdR7aQyw32D8WwQGCsCDHejwolzMAmZGYpFyTQQv3scyoC2mhMv8C8vi2CGurboTBZe0mwY5UhJ1iOLiYRTVFZw40FuaB0I+y+Sf7mjzdxm+Z3luzy6NFZ4Zkp3QltImhvaJLzKWvOnvNCiJS8j345MLiMbzVYvTsT1sLSOtXCuV7TbVq0z/61oqywzmWQxZAmwZ63Fjvg96JV7q2GsCGcKqSJYNPMEYku5rkeqOoRxJkoxXGMSpE98TLk6GCTrida73Y9FaNzGzrRqzMBZBZVWjb/53msFD6RRNDcREJk04ogm1/NefFvLlabDUyMuuO6BL1rQa5AiJNlYE3dJ6mJ8vfYTeH/fP2YdCx6EXqynS4ti8965u+RRz+yK99kZMwhWXEIgZ5UVYPlYkpb9u6mKcvwHmH8KZ7hrjq72zB1tLM02IFGi+5fx76jvgeybwgQvkotUIAVfqMq8ncQU9pLzSDkiQ18PWahwiQm9YCuWwXypFgeEkj6w== ruslan@eatpopchef.com\n",
                            "metadata_fingerprint": "aDOiPIdD4r0=",
                            "metadata_startup_script": "sudo apt update; sudo apt install -y docker.io; sudo usermod -aG docker $USER;",
                            "min_cpu_platform": "",
                            "name": "formationdevops-slave-2697ef33ab292f83",
                            "network_interface.#": "1",
                            "network_interface.0.access_config.#": "1",
                            "network_interface.0.access_config.0.assigned_nat_ip": "",
                            "network_interface.0.access_config.0.nat_ip": "35.189.237.112",
                            "network_interface.0.access_config.0.network_tier": "PREMIUM",
                            "network_interface.0.access_config.0.public_ptr_domain_name": "",
                            "network_interface.0.address": "",
                            "network_interface.0.alias_ip_range.#": "0",
                            "network_interface.0.name": "nic0",
                            "network_interface.0.network": "https://www.googleapis.com/compute/v1/projects/formationdevops/global/networks/default",
                            "network_interface.0.network_ip": "10.132.0.9",
                            "network_interface.0.subnetwork": "https://www.googleapis.com/compute/v1/projects/formationdevops/regions/europe-west1/subnetworks/default",
                            "network_interface.0.subnetwork_project": "formationdevops",
                            "project": "formationdevops",
                            "scheduling.#": "1",
                            "scheduling.0.automatic_restart": "true",
                            "scheduling.0.on_host_maintenance": "MIGRATE",
                            "scheduling.0.preemptible": "false",
                            "scratch_disk.#": "0",
                            "self_link": "https://www.googleapis.com/compute/v1/projects/formationdevops/zones/europe-west1-b/instances/formationdevops-slave-2697ef33ab292f83",
                            "service_account.#": "0",
                            "tags.#": "0",
                            "tags_fingerprint": "42WmSpB8rSM=",
                            "zone": "europe-west1-b"
                        },
                        "meta": {
                            "e2bfb730-ecaa-11e6-8f88-34363bc7c4c0": {
                                "create": 360000000000,
                                "delete": 360000000000,
                                "update": 360000000000
                            },
                            "schema_version": "6"
                        },
                        "tainted": false
                    },
                    "deposed": [],
                    "provider": "provider.google"
                },
                "google_compute_instance.slave.1": {
                    "type": "google_compute_instance",
                    "depends_on": [
                        "random_id.instance_id.*"
                    ],
                    "primary": {
                        "id": "formationdevops-slave-b2bf95fd676c6ca1",
                        "attributes": {
                            "attached_disk.#": "0",
                            "boot_disk.#": "1",
                            "boot_disk.0.auto_delete": "true",
                            "boot_disk.0.device_name": "persistent-disk-0",
                            "boot_disk.0.disk_encryption_key_raw": "",
                            "boot_disk.0.disk_encryption_key_sha256": "",
                            "boot_disk.0.initialize_params.#": "1",
                            "boot_disk.0.initialize_params.0.image": "https://www.googleapis.com/compute/v1/projects/ubuntu-os-cloud/global/images/ubuntu-1604-xenial-v20190325",
                            "boot_disk.0.initialize_params.0.size": "30",
                            "boot_disk.0.initialize_params.0.type": "pd-standard",
                            "boot_disk.0.source": "https://www.googleapis.com/compute/v1/projects/formationdevops/zones/europe-west1-b/disks/formationdevops-slave-b2bf95fd676c6ca1",
                            "can_ip_forward": "false",
                            "cpu_platform": "Intel Sandy Bridge",
                            "deletion_protection": "false",
                            "guest_accelerator.#": "0",
                            "hostname": "",
                            "id": "formationdevops-slave-b2bf95fd676c6ca1",
                            "instance_id": "3594082133587085964",
                            "label_fingerprint": "42WmSpB8rSM=",
                            "labels.%": "0",
                            "machine_type": "n1-standard-2",
                            "metadata.%": "1",
                            "metadata.sshKeys": "root:ssh-rsa AAAAB3NzaC1yc2EAAAADAQABAAACAQDh8sRjchb7bvaqNN15SeIAvZaR4nPxkde8P8g7/QlKTp7IeCWqc9imVGEJTWIbjyaAjHqUgZvBn9ceczQazPQ3j4JsvLIrNG3Ts/xtyLQz94MAas5zzqwnL3jzQkWAnHjPZhtveBLMzd3lUgAl7NBLbFVO9LwG4KTWjq7ejIEIxckBkcZcdiykdR7aQyw32D8WwQGCsCDHejwolzMAmZGYpFyTQQv3scyoC2mhMv8C8vi2CGurboTBZe0mwY5UhJ1iOLiYRTVFZw40FuaB0I+y+Sf7mjzdxm+Z3luzy6NFZ4Zkp3QltImhvaJLzKWvOnvNCiJS8j345MLiMbzVYvTsT1sLSOtXCuV7TbVq0z/61oqywzmWQxZAmwZ63Fjvg96JV7q2GsCGcKqSJYNPMEYku5rkeqOoRxJkoxXGMSpE98TLk6GCTrida73Y9FaNzGzrRqzMBZBZVWjb/53msFD6RRNDcREJk04ogm1/NefFvLlabDUyMuuO6BL1rQa5AiJNlYE3dJ6mJ8vfYTeH/fP2YdCx6EXqynS4ti8965u+RRz+yK99kZMwhWXEIgZ5UVYPlYkpb9u6mKcvwHmH8KZ7hrjq72zB1tLM02IFGi+5fx76jvgeybwgQvkotUIAVfqMq8ncQU9pLzSDkiQ18PWahwiQm9YCuWwXypFgeEkj6w== ruslan@eatpopchef.com\n",
                            "metadata_fingerprint": "aDOiPIdD4r0=",
                            "metadata_startup_script": "sudo apt update; sudo apt install -y docker.io; sudo usermod -aG docker $USER;",
                            "min_cpu_platform": "",
                            "name": "formationdevops-slave-b2bf95fd676c6ca1",
                            "network_interface.#": "1",
                            "network_interface.0.access_config.#": "1",
                            "network_interface.0.access_config.0.assigned_nat_ip": "",
                            "network_interface.0.access_config.0.nat_ip": "35.205.218.143",
                            "network_interface.0.access_config.0.network_tier": "PREMIUM",
                            "network_interface.0.access_config.0.public_ptr_domain_name": "",
                            "network_interface.0.address": "",
                            "network_interface.0.alias_ip_range.#": "0",
                            "network_interface.0.name": "nic0",
                            "network_interface.0.network": "https://www.googleapis.com/compute/v1/projects/formationdevops/global/networks/default",
                            "network_interface.0.network_ip": "10.132.0.10",
                            "network_interface.0.subnetwork": "https://www.googleapis.com/compute/v1/projects/formationdevops/regions/europe-west1/subnetworks/default",
                            "network_interface.0.subnetwork_project": "formationdevops",
                            "project": "formationdevops",
                            "scheduling.#": "1",
                            "scheduling.0.automatic_restart": "true",
                            "scheduling.0.on_host_maintenance": "MIGRATE",
                            "scheduling.0.preemptible": "false",
                            "scratch_disk.#": "0",
                            "self_link": "https://www.googleapis.com/compute/v1/projects/formationdevops/zones/europe-west1-b/instances/formationdevops-slave-b2bf95fd676c6ca1",
                            "service_account.#": "0",
                            "tags.#": "0",
                            "tags_fingerprint": "42WmSpB8rSM=",
                            "zone": "europe-west1-b"
                        },
                        "meta": {
                            "e2bfb730-ecaa-11e6-8f88-34363bc7c4c0": {
                                "create": 360000000000,
                                "delete": 360000000000,
                                "update": 360000000000
                            },
                            "schema_version": "6"
                        },
                        "tainted": false
                    },
                    "deposed": [],
                    "provider": "provider.google"
                },
                "random_id.instance_id.0": {
                    "type": "random_id",
                    "depends_on": [],
                    "primary": {
                        "id": "JpfvM6spL4M",
                        "attributes": {
                            "b64": "JpfvM6spL4M",
                            "b64_std": "JpfvM6spL4M=",
                            "b64_url": "JpfvM6spL4M",
                            "byte_length": "8",
                            "dec": "2780954300118544259",
                            "hex": "2697ef33ab292f83",
                            "id": "JpfvM6spL4M"
                        },
                        "meta": {},
                        "tainted": false
                    },
                    "deposed": [],
                    "provider": "provider.random"
                },
                "random_id.instance_id.1": {
                    "type": "random_id",
                    "depends_on": [],
                    "primary": {
                        "id": "sr-V_WdsbKE",
                        "attributes": {
                            "b64": "sr-V_WdsbKE",
                            "b64_std": "sr+V/WdsbKE=",
                            "b64_url": "sr-V_WdsbKE",
                            "byte_length": "8",
                            "dec": "12880178374897331361",
                            "hex": "b2bf95fd676c6ca1",
                            "id": "sr-V_WdsbKE"
                        },
                        "meta": {},
                        "tainted": false
                    },
                    "deposed": [],
                    "provider": "provider.random"
                }
            },
            "depends_on": []
        }
    ]
}
